
Microsoft Visual Studio Solution File, Format Version 12.00
Project("{FAE04EC0-301F-11D3-BF4B-00C04F79EFBC}") = "CourseProject_SellingTickets", "CourseProject_SellingTickets\CourseProject_SellingTickets.csproj", "{3EDB8757-1F74-46BA-AB11-DB2BD1838840}"
EndProject
Global
	GlobalSection(SolutionConfigurationPlatforms) = preSolution
		Debug|Any CPU = Debug|Any CPU
		Release|Any CPU = Release|Any CPU
	EndGlobalSection
	GlobalSection(ProjectConfigurationPlatforms) = postSolution
		{3EDB8757-1F74-46BA-AB11-DB2BD1838840}.Debug|Any CPU.ActiveCfg = Debug|Any CPU
		{3EDB8757-1F74-46BA-AB11-DB2BD1838840}.Debug|Any CPU.Build.0 = Debug|Any CPU
		{3EDB8757-1F74-46BA-AB11-DB2BD1838840}.Release|Any CPU.ActiveCfg = Release|Any CPU
		{3EDB8757-1F74-46BA-AB11-DB2BD1838840}.Release|Any CPU.Build.0 = Release|Any CPU
	EndGlobalSection
EndGlobal
